[[package]]
name = "base64"
version = "0.10.1"
source = "registry+https://github.com/rust-lang/crates.io-index"
dependencies = [
 "byteorder 1.3.2 (registry+https://github.com/rust-lang/crates.io-index)",
]

[[package]]
name = "byteorder"
version = "1.3.2"
source = "registry+https://github.com/rust-lang/crates.io-index"

[[package]]
name = "cfg-if"
version = "0.1.9"
source = "registry+https://github.com/rust-lang/crates.io-index"

[[package]]
name = "charset"
version = "0.1.2"
source = "registry+https://github.com/rust-lang/crates.io-index"
dependencies = [
 "base64 0.10.1 (registry+https://github.com/rust-lang/crates.io-index)",
 "encoding_rs 0.8.17 (registry+https://github.com/rust-lang/crates.io-index)",
]

[[package]]
name = "encoding_rs"
version = "0.8.17"
source = "registry+https://github.com/rust-lang/crates.io-index"
dependencies = [
 "cfg-if 0.1.9 (registry+https://github.com/rust-lang/crates.io-index)",
]

[[package]]
name = "mailparse"
version = "0.8.0"
source = "registry+https://github.com/rust-lang/crates.io-index"
dependencies = [
 "base64 0.10.1 (registry+https://github.com/rust-lang/crates.io-index)",
 "charset 0.1.2 (registry+https://github.com/rust-lang/crates.io-index)",
 "quoted_printable 0.4.1 (registry+https://github.com/rust-lang/crates.io-index)",
]

[[package]]
name = "quoted_printable"
version = "0.4.1"
source = "registry+https://github.com/rust-lang/crates.io-index"

[[package]]
name = "radmail"
version = "0.1.0"
dependencies = [
 "mailparse 0.8.0 (registry+https://github.com/rust-lang/crates.io-index)",
]

[metadata]
"checksum base64 0.10.1 (registry+https://github.com/rust-lang/crates.io-index)" = "0b25d992356d2eb0ed82172f5248873db5560c4721f564b13cb5193bda5e668e"
"checksum byteorder 1.3.2 (registry+https://github.com/rust-lang/crates.io-index)" = "a7c3dd8985a7111efc5c80b44e23ecdd8c007de8ade3b96595387e812b957cf5"
"checksum cfg-if 0.1.9 (registry+https://github.com/rust-lang/crates.io-index)" = "b486ce3ccf7ffd79fdeb678eac06a9e6c09fc88d33836340becb8fffe87c5e33"
"checksum charset 0.1.2 (registry+https://github.com/rust-lang/crates.io-index)" = "4f426e64df1c3de26cbf44593c6ffff5dbfd43bbf9de0d075058558126b3fc73"
"checksum encoding_rs 0.8.17 (registry+https://github.com/rust-lang/crates.io-index)" = "4155785c79f2f6701f185eb2e6b4caf0555ec03477cb4c70db67b465311620ed"
"checksum mailparse 0.8.0 (registry+https://github.com/rust-lang/crates.io-index)" = "413924c6f9477d589f15fe5ad1189d794a795d305d035b41957ac7f406e8d0b6"
"checksum quoted_printable 0.4.1 (registry+https://github.com/rust-lang/crates.io-index)" = "86cedf331228892e747bb85beb130b6bb23fc628c40dde9ea01eb6becea3c798"
